
Microsoft Visual Studio Solution File, Format Version 12.00
# Visual Studio Version 16
VisualStudioVersion = 16.0.31624.102
MinimumVisualStudioVersion = 10.0.40219.1
Project("{FAE04EC0-301F-11D3-BF4B-00C04F79EFBC}") = "LearningCollection", "LearningCollection.csproj", "{8E0C92BB-A0B0-40AF-B188-3005488C325B}"
EndProject
Global
	GlobalSection(SolutionConfigurationPlatforms) = preSolution
		Debug|Any CPU = Debug|Any CPU
		Release|Any CPU = Release|Any CPU
	EndGlobalSection
	GlobalSection(ProjectConfigurationPlatforms) = postSolution
		{8E0C92BB-A0B0-40AF-B188-3005488C325B}.Debug|Any CPU.ActiveCfg = Debug|Any CPU
		{8E0C92BB-A0B0-40AF-B188-3005488C325B}.Debug|Any CPU.Build.0 = Debug|Any CPU
		{8E0C92BB-A0B0-40AF-B188-3005488C325B}.Release|Any CPU.ActiveCfg = Release|Any CPU
		{8E0C92BB-A0B0-40AF-B188-3005488C325B}.Release|Any CPU.Build.0 = Release|Any CPU
	EndGlobalSection
	GlobalSection(SolutionProperties) = preSolution
		HideSolutionNode = FALSE
	EndGlobalSection
	GlobalSection(ExtensibilityGlobals) = postSolution
		SolutionGuid = {A0A63971-1E91-45FF-B619-35588392FE3E}
	EndGlobalSection
EndGlobal
